// !$*UTF8*$!
{
	archiveVersion = 1;
	classes = {
	};
	objectVersion = 50;
	objects = {

/* Begin PBXBuildFile section */
		5608F3A5234E6643008A8BA4 /* URLSessionFake.swift in Sources */ = {isa = PBXBuildFile; fileRef = 5608F3A4234E6643008A8BA4 /* URLSessionFake.swift */; };
		5608F3A7234E6666008A8BA4 /* FakeResponseData.swift in Sources */ = {isa = PBXBuildFile; fileRef = 5608F3A6234E6666008A8BA4 /* FakeResponseData.swift */; };
		5608F3A92354CA1B008A8BA4 /* Weather.json in Resources */ = {isa = PBXBuildFile; fileRef = 5608F3A82354CA1B008A8BA4 /* Weather.json */; };
		561185762327D133005222F1 /* ErrorCases.swift in Sources */ = {isa = PBXBuildFile; fileRef = 561185752327D133005222F1 /* ErrorCases.swift */; };
		5611857C2328E1F2005222F1 /* WeatherGrid.swift in Sources */ = {isa = PBXBuildFile; fileRef = 5611857B2328E1F2005222F1 /* WeatherGrid.swift */; };
		5611857E2328E2ED005222F1 /* WeatherGrid.xib in Resources */ = {isa = PBXBuildFile; fileRef = 5611857D2328E2ED005222F1 /* WeatherGrid.xib */; };
		565503B623045EDC00FDDD23 /* AppDelegate.swift in Sources */ = {isa = PBXBuildFile; fileRef = 565503B523045EDC00FDDD23 /* AppDelegate.swift */; };
		565503B823045EDC00FDDD23 /* CurrencyController.swift in Sources */ = {isa = PBXBuildFile; fileRef = 565503B723045EDC00FDDD23 /* CurrencyController.swift */; };
		565503BB23045EDC00FDDD23 /* Main.storyboard in Resources */ = {isa = PBXBuildFile; fileRef = 565503B923045EDC00FDDD23 /* Main.storyboard */; };
		565503BD23045EE600FDDD23 /* Assets.xcassets in Resources */ = {isa = PBXBuildFile; fileRef = 565503BC23045EE600FDDD23 /* Assets.xcassets */; };
		565503C023045EE600FDDD23 /* LaunchScreen.storyboard in Resources */ = {isa = PBXBuildFile; fileRef = 565503BE23045EE600FDDD23 /* LaunchScreen.storyboard */; };
		565503CC2305333A00FDDD23 /* CurrencyService.swift in Sources */ = {isa = PBXBuildFile; fileRef = 565503CB2305333A00FDDD23 /* CurrencyService.swift */; };
		565503DF2307EE1000FDDD23 /* Currency.swift in Sources */ = {isa = PBXBuildFile; fileRef = 565503DE2307EE1000FDDD23 /* Currency.swift */; };
		565503F12311460000FDDD23 /* TranslationController.swift in Sources */ = {isa = PBXBuildFile; fileRef = 565503F02311460000FDDD23 /* TranslationController.swift */; };
		565503F52313DFF700FDDD23 /* TranslationService.swift in Sources */ = {isa = PBXBuildFile; fileRef = 565503F42313DFF700FDDD23 /* TranslationService.swift */; };
		565503F92314050F00FDDD23 /* Translation.swift in Sources */ = {isa = PBXBuildFile; fileRef = 565503F82314050F00FDDD23 /* Translation.swift */; };
		565503FB23142AED00FDDD23 /* LangagesViewController.swift in Sources */ = {isa = PBXBuildFile; fileRef = 565503FA23142AED00FDDD23 /* LangagesViewController.swift */; };
		566D481923291D3700612DA7 /* CitiesTableViewController.swift in Sources */ = {isa = PBXBuildFile; fileRef = 566D481823291D3700612DA7 /* CitiesTableViewController.swift */; };
		566D48232344B51300612DA7 /* WeatherServiceTestsCase.swift in Sources */ = {isa = PBXBuildFile; fileRef = 566D48222344B51300612DA7 /* WeatherServiceTestsCase.swift */; };
		56FA29D0231561B900BE92BC /* ControllerExtension.swift in Sources */ = {isa = PBXBuildFile; fileRef = 56FA29CF231561B900BE92BC /* ControllerExtension.swift */; };
		56FA29DB23181B0600BE92BC /* WeatherViewController.swift in Sources */ = {isa = PBXBuildFile; fileRef = 56FA29DA23181B0600BE92BC /* WeatherViewController.swift */; };
		56FA29DE23181B3600BE92BC /* WeatherService.swift in Sources */ = {isa = PBXBuildFile; fileRef = 56FA29DD23181B3600BE92BC /* WeatherService.swift */; };
		56FA2A1A231D1A1600BE92BC /* TranslationServiceTestsCase.swift in Sources */ = {isa = PBXBuildFile; fileRef = 56FA2A19231D1A1600BE92BC /* TranslationServiceTestsCase.swift */; };
		56FA2A22231D1A4C00BE92BC /* FakeResponseData.swift in Sources */ = {isa = PBXBuildFile; fileRef = 56FA2A21231D1A4C00BE92BC /* FakeResponseData.swift */; };
		56FA2A24231D1AAB00BE92BC /* URLSessionFake.swift in Sources */ = {isa = PBXBuildFile; fileRef = 56FA2A23231D1AAB00BE92BC /* URLSessionFake.swift */; };
		56FA2A26231D1ADF00BE92BC /* Translation.json in Resources */ = {isa = PBXBuildFile; fileRef = 56FA2A25231D1ADF00BE92BC /* Translation.json */; };
		56FA2A2E231D226100BE92BC /* CurrencyServiceTestsCase.swift in Sources */ = {isa = PBXBuildFile; fileRef = 56FA2A2D231D226100BE92BC /* CurrencyServiceTestsCase.swift */; };
		56FA2A36231D229200BE92BC /* URLSessionFake.swift in Sources */ = {isa = PBXBuildFile; fileRef = 56FA2A35231D229200BE92BC /* URLSessionFake.swift */; };
		56FA2A38231D22B000BE92BC /* FakeResponseData.swift in Sources */ = {isa = PBXBuildFile; fileRef = 56FA2A37231D22B000BE92BC /* FakeResponseData.swift */; };
		56FA2A3A231D22D300BE92BC /* Currency.json in Resources */ = {isa = PBXBuildFile; fileRef = 56FA2A39231D22D300BE92BC /* Currency.json */; };
		56FA2A3C231FA16200BE92BC /* Weather.swift in Sources */ = {isa = PBXBuildFile; fileRef = 56FA2A3B231FA16200BE92BC /* Weather.swift */; };
		56FA2A40231FAEAE00BE92BC /* ApiKeyExtractor.swift in Sources */ = {isa = PBXBuildFile; fileRef = 56FA2A3F231FAEAE00BE92BC /* ApiKeyExtractor.swift */; };
		56FA2A422320291600BE92BC /* ApiKeys.plist in Resources */ = {isa = PBXBuildFile; fileRef = 56FA2A412320291600BE92BC /* ApiKeys.plist */; };
/* End PBXBuildFile section */

/* Begin PBXContainerItemProxy section */
		566D48252344B51300612DA7 /* PBXContainerItemProxy */ = {
			isa = PBXContainerItemProxy;
			containerPortal = 565503AA23045EDC00FDDD23 /* Project object */;
			proxyType = 1;
			remoteGlobalIDString = 565503B123045EDC00FDDD23;
			remoteInfo = LeBaluchonApp;
		};
		56FA2A1C231D1A1600BE92BC /* PBXContainerItemProxy */ = {
			isa = PBXContainerItemProxy;
			containerPortal = 565503AA23045EDC00FDDD23 /* Project object */;
			proxyType = 1;
			remoteGlobalIDString = 565503B123045EDC00FDDD23;
			remoteInfo = LeBaluchonApp;
		};
		56FA2A30231D226100BE92BC /* PBXContainerItemProxy */ = {
			isa = PBXContainerItemProxy;
			containerPortal = 565503AA23045EDC00FDDD23 /* Project object */;
			proxyType = 1;
			remoteGlobalIDString = 565503B123045EDC00FDDD23;
			remoteInfo = LeBaluchonApp;
		};
/* End PBXContainerItemProxy section */

/* Begin PBXFileReference section */
		5608F3A4234E6643008A8BA4 /* URLSessionFake.swift */ = {isa = PBXFileReference; lastKnownFileType = sourcecode.swift; path = URLSessionFake.swift; sourceTree = "<group>"; };
		5608F3A6234E6666008A8BA4 /* FakeResponseData.swift */ = {isa = PBXFileReference; lastKnownFileType = sourcecode.swift; path = FakeResponseData.swift; sourceTree = "<group>"; };
		5608F3A82354CA1B008A8BA4 /* Weather.json */ = {isa = PBXFileReference; lastKnownFileType = text.json; path = Weather.json; sourceTree = "<group>"; };
		561185752327D133005222F1 /* ErrorCases.swift */ = {isa = PBXFileReference; lastKnownFileType = sourcecode.swift; path = ErrorCases.swift; sourceTree = "<group>"; };
		5611857B2328E1F2005222F1 /* WeatherGrid.swift */ = {isa = PBXFileReference; lastKnownFileType = sourcecode.swift; path = WeatherGrid.swift; sourceTree = "<group>"; };
		5611857D2328E2ED005222F1 /* WeatherGrid.xib */ = {isa = PBXFileReference; lastKnownFileType = file.xib; path = WeatherGrid.xib; sourceTree = "<group>"; };
		565503B223045EDC00FDDD23 /* LeBaluchonApp.app */ = {isa = PBXFileReference; explicitFileType = wrapper.application; includeInIndex = 0; path = LeBaluchonApp.app; sourceTree = BUILT_PRODUCTS_DIR; };
		565503B523045EDC00FDDD23 /* AppDelegate.swift */ = {isa = PBXFileReference; lastKnownFileType = sourcecode.swift; path = AppDelegate.swift; sourceTree = "<group>"; };
		565503B723045EDC00FDDD23 /* CurrencyController.swift */ = {isa = PBXFileReference; lastKnownFileType = sourcecode.swift; path = CurrencyController.swift; sourceTree = "<group>"; };
		565503BA23045EDC00FDDD23 /* Base */ = {isa = PBXFileReference; lastKnownFileType = file.storyboard; name = Base; path = Base.lproj/Main.storyboard; sourceTree = "<group>"; };
		565503BC23045EE600FDDD23 /* Assets.xcassets */ = {isa = PBXFileReference; lastKnownFileType = folder.assetcatalog; path = Assets.xcassets; sourceTree = "<group>"; };
		565503BF23045EE600FDDD23 /* Base */ = {isa = PBXFileReference; lastKnownFileType = file.storyboard; name = Base; path = Base.lproj/LaunchScreen.storyboard; sourceTree = "<group>"; };
		565503C123045EE600FDDD23 /* Info.plist */ = {isa = PBXFileReference; lastKnownFileType = text.plist.xml; path = Info.plist; sourceTree = "<group>"; };
		565503CB2305333A00FDDD23 /* CurrencyService.swift */ = {isa = PBXFileReference; lastKnownFileType = sourcecode.swift; path = CurrencyService.swift; sourceTree = "<group>"; };
		565503DE2307EE1000FDDD23 /* Currency.swift */ = {isa = PBXFileReference; lastKnownFileType = sourcecode.swift; path = Currency.swift; sourceTree = "<group>"; };
		565503F02311460000FDDD23 /* TranslationController.swift */ = {isa = PBXFileReference; lastKnownFileType = sourcecode.swift; path = TranslationController.swift; sourceTree = "<group>"; };
		565503F42313DFF700FDDD23 /* TranslationService.swift */ = {isa = PBXFileReference; lastKnownFileType = sourcecode.swift; path = TranslationService.swift; sourceTree = "<group>"; };
		565503F82314050F00FDDD23 /* Translation.swift */ = {isa = PBXFileReference; lastKnownFileType = sourcecode.swift; path = Translation.swift; sourceTree = "<group>"; };
		565503FA23142AED00FDDD23 /* LangagesViewController.swift */ = {isa = PBXFileReference; lastKnownFileType = sourcecode.swift; path = LangagesViewController.swift; sourceTree = "<group>"; };
		566D481823291D3700612DA7 /* CitiesTableViewController.swift */ = {isa = PBXFileReference; lastKnownFileType = sourcecode.swift; path = CitiesTableViewController.swift; sourceTree = "<group>"; };
		566D48202344B50F00612DA7 /* WeatherServiceTestsCase.xctest */ = {isa = PBXFileReference; explicitFileType = wrapper.cfbundle; includeInIndex = 0; path = WeatherServiceTestsCase.xctest; sourceTree = BUILT_PRODUCTS_DIR; };
		566D48222344B51300612DA7 /* WeatherServiceTestsCase.swift */ = {isa = PBXFileReference; lastKnownFileType = sourcecode.swift; path = WeatherServiceTestsCase.swift; sourceTree = "<group>"; };
		566D48242344B51300612DA7 /* Info.plist */ = {isa = PBXFileReference; lastKnownFileType = text.plist.xml; path = Info.plist; sourceTree = "<group>"; };
		56FA29CF231561B900BE92BC /* ControllerExtension.swift */ = {isa = PBXFileReference; lastKnownFileType = sourcecode.swift; path = ControllerExtension.swift; sourceTree = "<group>"; };
		56FA29DA23181B0600BE92BC /* WeatherViewController.swift */ = {isa = PBXFileReference; lastKnownFileType = sourcecode.swift; path = WeatherViewController.swift; sourceTree = "<group>"; };
		56FA29DD23181B3600BE92BC /* WeatherService.swift */ = {isa = PBXFileReference; lastKnownFileType = sourcecode.swift; path = WeatherService.swift; sourceTree = "<group>"; };
		56FA2A17231D1A1600BE92BC /* TranslationServiceTestsCase.xctest */ = {isa = PBXFileReference; explicitFileType = wrapper.cfbundle; includeInIndex = 0; path = TranslationServiceTestsCase.xctest; sourceTree = BUILT_PRODUCTS_DIR; };
		56FA2A19231D1A1600BE92BC /* TranslationServiceTestsCase.swift */ = {isa = PBXFileReference; lastKnownFileType = sourcecode.swift; path = TranslationServiceTestsCase.swift; sourceTree = "<group>"; };
		56FA2A1B231D1A1600BE92BC /* Info.plist */ = {isa = PBXFileReference; lastKnownFileType = text.plist.xml; path = Info.plist; sourceTree = "<group>"; };
		56FA2A21231D1A4C00BE92BC /* FakeResponseData.swift */ = {isa = PBXFileReference; lastKnownFileType = sourcecode.swift; path = FakeResponseData.swift; sourceTree = "<group>"; };
		56FA2A23231D1AAB00BE92BC /* URLSessionFake.swift */ = {isa = PBXFileReference; lastKnownFileType = sourcecode.swift; path = URLSessionFake.swift; sourceTree = "<group>"; };
		56FA2A25231D1ADF00BE92BC /* Translation.json */ = {isa = PBXFileReference; lastKnownFileType = text.json; path = Translation.json; sourceTree = "<group>"; };
		56FA2A2B231D226100BE92BC /* CurrencyServiceTestsCase.xctest */ = {isa = PBXFileReference; explicitFileType = wrapper.cfbundle; includeInIndex = 0; path = CurrencyServiceTestsCase.xctest; sourceTree = BUILT_PRODUCTS_DIR; };
		56FA2A2D231D226100BE92BC /* CurrencyServiceTestsCase.swift */ = {isa = PBXFileReference; lastKnownFileType = sourcecode.swift; path = CurrencyServiceTestsCase.swift; sourceTree = "<group>"; };
		56FA2A2F231D226100BE92BC /* Info.plist */ = {isa = PBXFileReference; lastKnownFileType = text.plist.xml; path = Info.plist; sourceTree = "<group>"; };
		56FA2A35231D229200BE92BC /* URLSessionFake.swift */ = {isa = PBXFileReference; lastKnownFileType = sourcecode.swift; path = URLSessionFake.swift; sourceTree = "<group>"; };
		56FA2A37231D22B000BE92BC /* FakeResponseData.swift */ = {isa = PBXFileReference; lastKnownFileType = sourcecode.swift; path = FakeResponseData.swift; sourceTree = "<group>"; };
		56FA2A39231D22D300BE92BC /* Currency.json */ = {isa = PBXFileReference; lastKnownFileType = text.json; path = Currency.json; sourceTree = "<group>"; };
		56FA2A3B231FA16200BE92BC /* Weather.swift */ = {isa = PBXFileReference; lastKnownFileType = sourcecode.swift; path = Weather.swift; sourceTree = "<group>"; };
		56FA2A3F231FAEAE00BE92BC /* ApiKeyExtractor.swift */ = {isa = PBXFileReference; lastKnownFileType = sourcecode.swift; path = ApiKeyExtractor.swift; sourceTree = "<group>"; };
		56FA2A412320291600BE92BC /* ApiKeys.plist */ = {isa = PBXFileReference; lastKnownFileType = text.plist.xml; path = ApiKeys.plist; sourceTree = "<group>"; };
/* End PBXFileReference section */

/* Begin PBXFrameworksBuildPhase section */
		565503AF23045EDC00FDDD23 /* Frameworks */ = {
			isa = PBXFrameworksBuildPhase;
			buildActionMask = 2147483647;
			files = (
			);
			runOnlyForDeploymentPostprocessing = 0;
		};
		566D481D2344B50F00612DA7 /* Frameworks */ = {
			isa = PBXFrameworksBuildPhase;
			buildActionMask = 2147483647;
			files = (
			);
			runOnlyForDeploymentPostprocessing = 0;
		};
		56FA2A14231D1A1600BE92BC /* Frameworks */ = {
			isa = PBXFrameworksBuildPhase;
			buildActionMask = 2147483647;
			files = (
			);
			runOnlyForDeploymentPostprocessing = 0;
		};
		56FA2A28231D226100BE92BC /* Frameworks */ = {
			isa = PBXFrameworksBuildPhase;
			buildActionMask = 2147483647;
			files = (
			);
			runOnlyForDeploymentPostprocessing = 0;
		};
/* End PBXFrameworksBuildPhase section */

/* Begin PBXGroup section */
		565503A923045EDC00FDDD23 = {
			isa = PBXGroup;
			children = (
				565503B423045EDC00FDDD23 /* LeBaluchonApp */,
				56FA2A18231D1A1600BE92BC /* TranslationServiceTestsCase */,
				56FA2A2C231D226100BE92BC /* CurrencyServiceTestsCase */,
				566D48212344B51300612DA7 /* WeatherServiceTestsCase */,
				565503B323045EDC00FDDD23 /* Products */,
			);
			sourceTree = "<group>";
		};
		565503B323045EDC00FDDD23 /* Products */ = {
			isa = PBXGroup;
			children = (
				565503B223045EDC00FDDD23 /* LeBaluchonApp.app */,
				56FA2A17231D1A1600BE92BC /* TranslationServiceTestsCase.xctest */,
				56FA2A2B231D226100BE92BC /* CurrencyServiceTestsCase.xctest */,
				566D48202344B50F00612DA7 /* WeatherServiceTestsCase.xctest */,
			);
			name = Products;
			sourceTree = "<group>";
		};
		565503B423045EDC00FDDD23 /* LeBaluchonApp */ = {
			isa = PBXGroup;
			children = (
				565503CA23045F0500FDDD23 /* Supporting Files */,
				56FA2A3F231FAEAE00BE92BC /* ApiKeyExtractor.swift */,
				561185752327D133005222F1 /* ErrorCases.swift */,
				56FA29CE2315602300BE92BC /* Extension */,
				565503C823045F0100FDDD23 /* View */,
				56B26BA4234C7B3000091F5E /* Currency */,
				56B26BA5234C7B3D00091F5E /* Traductor */,
				56B26BA6234C7BA400091F5E /* Weather */,
			);
			path = LeBaluchonApp;
			sourceTree = "<group>";
		};
		565503C823045F0100FDDD23 /* View */ = {
			isa = PBXGroup;
			children = (
				565503B923045EDC00FDDD23 /* Main.storyboard */,
				565503BE23045EE600FDDD23 /* LaunchScreen.storyboard */,
			);
			path = View;
			sourceTree = "<group>";
		};
		565503CA23045F0500FDDD23 /* Supporting Files */ = {
			isa = PBXGroup;
			children = (
				565503B523045EDC00FDDD23 /* AppDelegate.swift */,
				565503BC23045EE600FDDD23 /* Assets.xcassets */,
				565503C123045EE600FDDD23 /* Info.plist */,
				56FA2A412320291600BE92BC /* ApiKeys.plist */,
			);
			path = "Supporting Files";
			sourceTree = "<group>";
		};
		566D48212344B51300612DA7 /* WeatherServiceTestsCase */ = {
			isa = PBXGroup;
			children = (
				566D48222344B51300612DA7 /* WeatherServiceTestsCase.swift */,
				566D48242344B51300612DA7 /* Info.plist */,
				5608F3A4234E6643008A8BA4 /* URLSessionFake.swift */,
				5608F3A6234E6666008A8BA4 /* FakeResponseData.swift */,
				5608F3A82354CA1B008A8BA4 /* Weather.json */,
			);
			path = WeatherServiceTestsCase;
			sourceTree = "<group>";
		};
		56B26BA4234C7B3000091F5E /* Currency */ = {
			isa = PBXGroup;
			children = (
				56B26BAC234C7BF900091F5E /* Model */,
				56B26BAB234C7BF700091F5E /* Controller */,
			);
			path = Currency;
			sourceTree = "<group>";
		};
		56B26BA5234C7B3D00091F5E /* Traductor */ = {
			isa = PBXGroup;
			children = (
				56B26BAA234C7BEB00091F5E /* Model */,
				56B26BA9234C7BE900091F5E /* Controller */,
			);
			path = Traductor;
			sourceTree = "<group>";
		};
		56B26BA6234C7BA400091F5E /* Weather */ = {
			isa = PBXGroup;
			children = (
				56B26BA8234C7BDF00091F5E /* Model */,
				56B26BAD234C7D4300091F5E /* View */,
				56B26BA7234C7BDC00091F5E /* Controller */,
			);
			path = Weather;
			sourceTree = "<group>";
		};
		56B26BA7234C7BDC00091F5E /* Controller */ = {
			isa = PBXGroup;
			children = (
				56FA29DA23181B0600BE92BC /* WeatherViewController.swift */,
				566D481823291D3700612DA7 /* CitiesTableViewController.swift */,
			);
			path = Controller;
			sourceTree = "<group>";
		};
		56B26BA8234C7BDF00091F5E /* Model */ = {
			isa = PBXGroup;
			children = (
				56FA29DD23181B3600BE92BC /* WeatherService.swift */,
				56FA2A3B231FA16200BE92BC /* Weather.swift */,
			);
			path = Model;
			sourceTree = "<group>";
		};
		56B26BA9234C7BE900091F5E /* Controller */ = {
			isa = PBXGroup;
			children = (
				565503F02311460000FDDD23 /* TranslationController.swift */,
				565503FA23142AED00FDDD23 /* LangagesViewController.swift */,
			);
			path = Controller;
			sourceTree = "<group>";
		};
		56B26BAA234C7BEB00091F5E /* Model */ = {
			isa = PBXGroup;
			children = (
				565503F42313DFF700FDDD23 /* TranslationService.swift */,
				565503F82314050F00FDDD23 /* Translation.swift */,
			);
			path = Model;
			sourceTree = "<group>";
		};
		56B26BAB234C7BF700091F5E /* Controller */ = {
			isa = PBXGroup;
			children = (
				565503B723045EDC00FDDD23 /* CurrencyController.swift */,
			);
			path = Controller;
			sourceTree = "<group>";
		};
		56B26BAC234C7BF900091F5E /* Model */ = {
			isa = PBXGroup;
			children = (
				565503CB2305333A00FDDD23 /* CurrencyService.swift */,
				565503DE2307EE1000FDDD23 /* Currency.swift */,
			);
			path = Model;
			sourceTree = "<group>";
		};
		56B26BAD234C7D4300091F5E /* View */ = {
			isa = PBXGroup;
			children = (
				5611857D2328E2ED005222F1 /* WeatherGrid.xib */,
				5611857B2328E1F2005222F1 /* WeatherGrid.swift */,
			);
			path = View;
			sourceTree = "<group>";
		};
		56FA29CE2315602300BE92BC /* Extension */ = {
			isa = PBXGroup;
			children = (
				56FA29CF231561B900BE92BC /* ControllerExtension.swift */,
			);
			path = Extension;
			sourceTree = "<group>";
		};
		56FA2A18231D1A1600BE92BC /* TranslationServiceTestsCase */ = {
			isa = PBXGroup;
			children = (
				56FA2A19231D1A1600BE92BC /* TranslationServiceTestsCase.swift */,
				56FA2A23231D1AAB00BE92BC /* URLSessionFake.swift */,
				56FA2A21231D1A4C00BE92BC /* FakeResponseData.swift */,
				56FA2A25231D1ADF00BE92BC /* Translation.json */,
				56FA2A1B231D1A1600BE92BC /* Info.plist */,
			);
			path = TranslationServiceTestsCase;
			sourceTree = "<group>";
		};
		56FA2A2C231D226100BE92BC /* CurrencyServiceTestsCase */ = {
			isa = PBXGroup;
			children = (
				56FA2A2D231D226100BE92BC /* CurrencyServiceTestsCase.swift */,
				56FA2A35231D229200BE92BC /* URLSessionFake.swift */,
				56FA2A37231D22B000BE92BC /* FakeResponseData.swift */,
				56FA2A39231D22D300BE92BC /* Currency.json */,
				56FA2A2F231D226100BE92BC /* Info.plist */,
			);
			path = CurrencyServiceTestsCase;
			sourceTree = "<group>";
		};
/* End PBXGroup section */

/* Begin PBXNativeTarget section */
		565503B123045EDC00FDDD23 /* LeBaluchonApp */ = {
			isa = PBXNativeTarget;
			buildConfigurationList = 565503C423045EE600FDDD23 /* Build configuration list for PBXNativeTarget "LeBaluchonApp" */;
			buildPhases = (
				565503AE23045EDC00FDDD23 /* Sources */,
				565503AF23045EDC00FDDD23 /* Frameworks */,
				565503B023045EDC00FDDD23 /* Resources */,
			);
			buildRules = (
			);
			dependencies = (
			);
			name = LeBaluchonApp;
			productName = LeBaluchonApp;
			productReference = 565503B223045EDC00FDDD23 /* LeBaluchonApp.app */;
			productType = "com.apple.product-type.application";
		};
		566D481F2344B50F00612DA7 /* WeatherServiceTestsCase */ = {
			isa = PBXNativeTarget;
			buildConfigurationList = 566D48272344B51300612DA7 /* Build configuration list for PBXNativeTarget "WeatherServiceTestsCase" */;
			buildPhases = (
				566D481C2344B50F00612DA7 /* Sources */,
				566D481D2344B50F00612DA7 /* Frameworks */,
				566D481E2344B50F00612DA7 /* Resources */,
			);
			buildRules = (
			);
			dependencies = (
				566D48262344B51300612DA7 /* PBXTargetDependency */,
			);
			name = WeatherServiceTestsCase;
			productName = WeatherServiceTestsCase;
			productReference = 566D48202344B50F00612DA7 /* WeatherServiceTestsCase.xctest */;
			productType = "com.apple.product-type.bundle.unit-test";
		};
		56FA2A16231D1A1600BE92BC /* TranslationServiceTestsCase */ = {
			isa = PBXNativeTarget;
			buildConfigurationList = 56FA2A1E231D1A1600BE92BC /* Build configuration list for PBXNativeTarget "TranslationServiceTestsCase" */;
			buildPhases = (
				56FA2A13231D1A1600BE92BC /* Sources */,
				56FA2A14231D1A1600BE92BC /* Frameworks */,
				56FA2A15231D1A1600BE92BC /* Resources */,
			);
			buildRules = (
			);
			dependencies = (
				56FA2A1D231D1A1600BE92BC /* PBXTargetDependency */,
			);
			name = TranslationServiceTestsCase;
			productName = TranslationServiceTestsCase;
			productReference = 56FA2A17231D1A1600BE92BC /* TranslationServiceTestsCase.xctest */;
			productType = "com.apple.product-type.bundle.unit-test";
		};
		56FA2A2A231D226100BE92BC /* CurrencyServiceTestsCase */ = {
			isa = PBXNativeTarget;
			buildConfigurationList = 56FA2A32231D226100BE92BC /* Build configuration list for PBXNativeTarget "CurrencyServiceTestsCase" */;
			buildPhases = (
				56FA2A27231D226100BE92BC /* Sources */,
				56FA2A28231D226100BE92BC /* Frameworks */,
				56FA2A29231D226100BE92BC /* Resources */,
			);
			buildRules = (
			);
			dependencies = (
				56FA2A31231D226100BE92BC /* PBXTargetDependency */,
			);
			name = CurrencyServiceTestsCase;
			productName = CurrencyServiceTestsCase;
			productReference = 56FA2A2B231D226100BE92BC /* CurrencyServiceTestsCase.xctest */;
			productType = "com.apple.product-type.bundle.unit-test";
		};
/* End PBXNativeTarget section */

/* Begin PBXProject section */
		565503AA23045EDC00FDDD23 /* Project object */ = {
			isa = PBXProject;
			attributes = {
				LastSwiftUpdateCheck = 1030;
				LastUpgradeCheck = 1030;
				ORGANIZATIONNAME = PaulineNomballais;
				TargetAttributes = {
					565503B123045EDC00FDDD23 = {
						CreatedOnToolsVersion = 10.3;
					};
					566D481F2344B50F00612DA7 = {
						CreatedOnToolsVersion = 10.3;
						TestTargetID = 565503B123045EDC00FDDD23;
					};
					56FA2A16231D1A1600BE92BC = {
						CreatedOnToolsVersion = 10.3;
						TestTargetID = 565503B123045EDC00FDDD23;
					};
					56FA2A2A231D226100BE92BC = {
						CreatedOnToolsVersion = 10.3;
						TestTargetID = 565503B123045EDC00FDDD23;
					};
				};
			};
			buildConfigurationList = 565503AD23045EDC00FDDD23 /* Build configuration list for PBXProject "LeBaluchonApp" */;
			compatibilityVersion = "Xcode 9.3";
			developmentRegion = en;
			hasScannedForEncodings = 0;
			knownRegions = (
				en,
				Base,
			);
			mainGroup = 565503A923045EDC00FDDD23;
			productRefGroup = 565503B323045EDC00FDDD23 /* Products */;
			projectDirPath = "";
			projectRoot = "";
			targets = (
				565503B123045EDC00FDDD23 /* LeBaluchonApp */,
				56FA2A16231D1A1600BE92BC /* TranslationServiceTestsCase */,
				56FA2A2A231D226100BE92BC /* CurrencyServiceTestsCase */,
				566D481F2344B50F00612DA7 /* WeatherServiceTestsCase */,
			);
		};
/* End PBXProject section */

/* Begin PBXResourcesBuildPhase section */
		565503B023045EDC00FDDD23 /* Resources */ = {
			isa = PBXResourcesBuildPhase;
			buildActionMask = 2147483647;
			files = (
				565503C023045EE600FDDD23 /* LaunchScreen.storyboard in Resources */,
				5611857E2328E2ED005222F1 /* WeatherGrid.xib in Resources */,
				565503BD23045EE600FDDD23 /* Assets.xcassets in Resources */,
				565503BB23045EDC00FDDD23 /* Main.storyboard in Resources */,
				56FA2A422320291600BE92BC /* ApiKeys.plist in Resources */,
			);
			runOnlyForDeploymentPostprocessing = 0;
		};
		566D481E2344B50F00612DA7 /* Resources */ = {
			isa = PBXResourcesBuildPhase;
			buildActionMask = 2147483647;
			files = (
				5608F3A92354CA1B008A8BA4 /* Weather.json in Resources */,
			);
			runOnlyForDeploymentPostprocessing = 0;
		};
		56FA2A15231D1A1600BE92BC /* Resources */ = {
			isa = PBXResourcesBuildPhase;
			buildActionMask = 2147483647;
			files = (
				56FA2A26231D1ADF00BE92BC /* Translation.json in Resources */,
			);
			runOnlyForDeploymentPostprocessing = 0;
		};
		56FA2A29231D226100BE92BC /* Resources */ = {
			isa = PBXResourcesBuildPhase;
			buildActionMask = 2147483647;
			files = (
				56FA2A3A231D22D300BE92BC /* Currency.json in Resources */,
			);
			runOnlyForDeploymentPostprocessing = 0;
		};
/* End PBXResourcesBuildPhase section */

/* Begin PBXSourcesBuildPhase section */
		565503AE23045EDC00FDDD23 /* Sources */ = {
			isa = PBXSourcesBuildPhase;
			buildActionMask = 2147483647;
			files = (
				565503B823045EDC00FDDD23 /* CurrencyController.swift in Sources */,
				565503B623045EDC00FDDD23 /* AppDelegate.swift in Sources */,
				5611857C2328E1F2005222F1 /* WeatherGrid.swift in Sources */,
				56FA29D0231561B900BE92BC /* ControllerExtension.swift in Sources */,
				56FA2A3C231FA16200BE92BC /* Weather.swift in Sources */,
				56FA29DB23181B0600BE92BC /* WeatherViewController.swift in Sources */,
				56FA29DE23181B3600BE92BC /* WeatherService.swift in Sources */,
				565503CC2305333A00FDDD23 /* CurrencyService.swift in Sources */,
				566D481923291D3700612DA7 /* CitiesTableViewController.swift in Sources */,
				561185762327D133005222F1 /* ErrorCases.swift in Sources */,
				565503FB23142AED00FDDD23 /* LangagesViewController.swift in Sources */,
				565503F52313DFF700FDDD23 /* TranslationService.swift in Sources */,
				565503DF2307EE1000FDDD23 /* Currency.swift in Sources */,
				565503F92314050F00FDDD23 /* Translation.swift in Sources */,
				565503F12311460000FDDD23 /* TranslationController.swift in Sources */,
				56FA2A40231FAEAE00BE92BC /* ApiKeyExtractor.swift in Sources */,
			);
			runOnlyForDeploymentPostprocessing = 0;
		};
		566D481C2344B50F00612DA7 /* Sources */ = {
			isa = PBXSourcesBuildPhase;
			buildActionMask = 2147483647;
			files = (
				566D48232344B51300612DA7 /* WeatherServiceTestsCase.swift in Sources */,
				5608F3A5234E6643008A8BA4 /* URLSessionFake.swift in Sources */,
				5608F3A7234E6666008A8BA4 /* FakeResponseData.swift in Sources */,
			);
			runOnlyForDeploymentPostprocessing = 0;
		};
		56FA2A13231D1A1600BE92BC /* Sources */ = {
			isa = PBXSourcesBuildPhase;
			buildActionMask = 2147483647;
			files = (
				56FA2A1A231D1A1600BE92BC /* TranslationServiceTestsCase.swift in Sources */,
				56FA2A24231D1AAB00BE92BC /* URLSessionFake.swift in Sources */,
				56FA2A22231D1A4C00BE92BC /* FakeResponseData.swift in Sources */,
			);
			runOnlyForDeploymentPostprocessing = 0;
		};
		56FA2A27231D226100BE92BC /* Sources */ = {
			isa = PBXSourcesBuildPhase;
			buildActionMask = 2147483647;
			files = (
				56FA2A2E231D226100BE92BC /* CurrencyServiceTestsCase.swift in Sources */,
				56FA2A36231D229200BE92BC /* URLSessionFake.swift in Sources */,
				56FA2A38231D22B000BE92BC /* FakeResponseData.swift in Sources */,
			);
			runOnlyForDeploymentPostprocessing = 0;
		};
/* End PBXSourcesBuildPhase section */

/* Begin PBXTargetDependency section */
		566D48262344B51300612DA7 /* PBXTargetDependency */ = {
			isa = PBXTargetDependency;
			target = 565503B123045EDC00FDDD23 /* LeBaluchonApp */;
			targetProxy = 566D48252344B51300612DA7 /* PBXContainerItemProxy */;
		};
		56FA2A1D231D1A1600BE92BC /* PBXTargetDependency */ = {
			isa = PBXTargetDependency;
			target = 565503B123045EDC00FDDD23 /* LeBaluchonApp */;
			targetProxy = 56FA2A1C231D1A1600BE92BC /* PBXContainerItemProxy */;
		};
		56FA2A31231D226100BE92BC /* PBXTargetDependency */ = {
			isa = PBXTargetDependency;
			target = 565503B123045EDC00FDDD23 /* LeBaluchonApp */;
			targetProxy = 56FA2A30231D226100BE92BC /* PBXContainerItemProxy */;
		};
/* End PBXTargetDependency section */

/* Begin PBXVariantGroup section */
		565503B923045EDC00FDDD23 /* Main.storyboard */ = {
			isa = PBXVariantGroup;
			children = (
				565503BA23045EDC00FDDD23 /* Base */,
			);
			name = Main.storyboard;
			sourceTree = "<group>";
		};
		565503BE23045EE600FDDD23 /* LaunchScreen.storyboard */ = {
			isa = PBXVariantGroup;
			children = (
				565503BF23045EE600FDDD23 /* Base */,
			);
			name = LaunchScreen.storyboard;
			sourceTree = "<group>";
		};
/* End PBXVariantGroup section */

/* Begin XCBuildConfiguration section */
		565503C223045EE600FDDD23 /* Debug */ = {
			isa = XCBuildConfiguration;
			buildSettings = {
				ALWAYS_SEARCH_USER_PATHS = NO;
				CLANG_ANALYZER_NONNULL = YES;
				CLANG_ANALYZER_NUMBER_OBJECT_CONVERSION = YES_AGGRESSIVE;
				CLANG_CXX_LANGUAGE_STANDARD = "gnu++14";
				CLANG_CXX_LIBRARY = "libc++";
				CLANG_ENABLE_MODULES = YES;
				CLANG_ENABLE_OBJC_ARC = YES;
				CLANG_ENABLE_OBJC_WEAK = YES;
				CLANG_WARN_BLOCK_CAPTURE_AUTORELEASING = YES;
				CLANG_WARN_BOOL_CONVERSION = YES;
				CLANG_WARN_COMMA = YES;
				CLANG_WARN_CONSTANT_CONVERSION = YES;
				CLANG_WARN_DEPRECATED_OBJC_IMPLEMENTATIONS = YES;
				CLANG_WARN_DIRECT_OBJC_ISA_USAGE = YES_ERROR;
				CLANG_WARN_DOCUMENTATION_COMMENTS = YES;
				CLANG_WARN_EMPTY_BODY = YES;
				CLANG_WARN_ENUM_CONVERSION = YES;
				CLANG_WARN_INFINITE_RECURSION = YES;
				CLANG_WARN_INT_CONVERSION = YES;
				CLANG_WARN_NON_LITERAL_NULL_CONVERSION = YES;
				CLANG_WARN_OBJC_IMPLICIT_RETAIN_SELF = YES;
				CLANG_WARN_OBJC_LITERAL_CONVERSION = YES;
				CLANG_WARN_OBJC_ROOT_CLASS = YES_ERROR;
				CLANG_WARN_RANGE_LOOP_ANALYSIS = YES;
				CLANG_WARN_STRICT_PROTOTYPES = YES;
				CLANG_WARN_SUSPICIOUS_MOVE = YES;
				CLANG_WARN_UNGUARDED_AVAILABILITY = YES_AGGRESSIVE;
				CLANG_WARN_UNREACHABLE_CODE = YES;
				CLANG_WARN__DUPLICATE_METHOD_MATCH = YES;
				CODE_SIGN_IDENTITY = "iPhone Developer";
				COPY_PHASE_STRIP = NO;
				DEBUG_INFORMATION_FORMAT = dwarf;
				ENABLE_STRICT_OBJC_MSGSEND = YES;
				ENABLE_TESTABILITY = YES;
				GCC_C_LANGUAGE_STANDARD = gnu11;
				GCC_DYNAMIC_NO_PIC = NO;
				GCC_NO_COMMON_BLOCKS = YES;
				GCC_OPTIMIZATION_LEVEL = 0;
				GCC_PREPROCESSOR_DEFINITIONS = (
					"DEBUG=1",
					"$(inherited)",
				);
				GCC_WARN_64_TO_32_BIT_CONVERSION = YES;
				GCC_WARN_ABOUT_RETURN_TYPE = YES_ERROR;
				GCC_WARN_UNDECLARED_SELECTOR = YES;
				GCC_WARN_UNINITIALIZED_AUTOS = YES_AGGRESSIVE;
				GCC_WARN_UNUSED_FUNCTION = YES;
				GCC_WARN_UNUSED_VARIABLE = YES;
				IPHONEOS_DEPLOYMENT_TARGET = 12.4;
				MTL_ENABLE_DEBUG_INFO = INCLUDE_SOURCE;
				MTL_FAST_MATH = YES;
				ONLY_ACTIVE_ARCH = YES;
				SDKROOT = iphoneos;
				SWIFT_ACTIVE_COMPILATION_CONDITIONS = DEBUG;
				SWIFT_OPTIMIZATION_LEVEL = "-Onone";
			};
			name = Debug;
		};
		565503C323045EE600FDDD23 /* Release */ = {
			isa = XCBuildConfiguration;
			buildSettings = {
				ALWAYS_SEARCH_USER_PATHS = NO;
				CLANG_ANALYZER_NONNULL = YES;
				CLANG_ANALYZER_NUMBER_OBJECT_CONVERSION = YES_AGGRESSIVE;
				CLANG_CXX_LANGUAGE_STANDARD = "gnu++14";
				CLANG_CXX_LIBRARY = "libc++";
				CLANG_ENABLE_MODULES = YES;
				CLANG_ENABLE_OBJC_ARC = YES;
				CLANG_ENABLE_OBJC_WEAK = YES;
				CLANG_WARN_BLOCK_CAPTURE_AUTORELEASING = YES;
				CLANG_WARN_BOOL_CONVERSION = YES;
				CLANG_WARN_COMMA = YES;
				CLANG_WARN_CONSTANT_CONVERSION = YES;
				CLANG_WARN_DEPRECATED_OBJC_IMPLEMENTATIONS = YES;
				CLANG_WARN_DIRECT_OBJC_ISA_USAGE = YES_ERROR;
				CLANG_WARN_DOCUMENTATION_COMMENTS = YES;
				CLANG_WARN_EMPTY_BODY = YES;
				CLANG_WARN_ENUM_CONVERSION = YES;
				CLANG_WARN_INFINITE_RECURSION = YES;
				CLANG_WARN_INT_CONVERSION = YES;
				CLANG_WARN_NON_LITERAL_NULL_CONVERSION = YES;
				CLANG_WARN_OBJC_IMPLICIT_RETAIN_SELF = YES;
				CLANG_WARN_OBJC_LITERAL_CONVERSION = YES;
				CLANG_WARN_OBJC_ROOT_CLASS = YES_ERROR;
				CLANG_WARN_RANGE_LOOP_ANALYSIS = YES;
				CLANG_WARN_STRICT_PROTOTYPES = YES;
				CLANG_WARN_SUSPICIOUS_MOVE = YES;
				CLANG_WARN_UNGUARDED_AVAILABILITY = YES_AGGRESSIVE;
				CLANG_WARN_UNREACHABLE_CODE = YES;
				CLANG_WARN__DUPLICATE_METHOD_MATCH = YES;
				CODE_SIGN_IDENTITY = "iPhone Developer";
				COPY_PHASE_STRIP = NO;
				DEBUG_INFORMATION_FORMAT = "dwarf-with-dsym";
				ENABLE_NS_ASSERTIONS = NO;
				ENABLE_STRICT_OBJC_MSGSEND = YES;
				GCC_C_LANGUAGE_STANDARD = gnu11;
				GCC_NO_COMMON_BLOCKS = YES;
				GCC_WARN_64_TO_32_BIT_CONVERSION = YES;
				GCC_WARN_ABOUT_RETURN_TYPE = YES_ERROR;
				GCC_WARN_UNDECLARED_SELECTOR = YES;
				GCC_WARN_UNINITIALIZED_AUTOS = YES_AGGRESSIVE;
				GCC_WARN_UNUSED_FUNCTION = YES;
				GCC_WARN_UNUSED_VARIABLE = YES;
				IPHONEOS_DEPLOYMENT_TARGET = 12.4;
				MTL_ENABLE_DEBUG_INFO = NO;
				MTL_FAST_MATH = YES;
				SDKROOT = iphoneos;
				SWIFT_COMPILATION_MODE = wholemodule;
				SWIFT_OPTIMIZATION_LEVEL = "-O";
				VALIDATE_PRODUCT = YES;
			};
			name = Release;
		};
		565503C523045EE600FDDD23 /* Debug */ = {
			isa = XCBuildConfiguration;
			buildSettings = {
				ASSETCATALOG_COMPILER_APPICON_NAME = AppIcon;
				CODE_SIGN_STYLE = Automatic;
				INFOPLIST_FILE = "$(SRCROOT)/LeBaluchonApp/Supporting Files/Info.plist";
				LD_RUNPATH_SEARCH_PATHS = (
					"$(inherited)",
					"@executable_path/Frameworks",
				);
				PRODUCT_BUNDLE_IDENTIFIER = fr.paulinenomballais.LeBaluchonApp;
				PRODUCT_NAME = "$(TARGET_NAME)";
				SWIFT_VERSION = 5.0;
				TARGETED_DEVICE_FAMILY = "1,2";
			};
			name = Debug;
		};
		565503C623045EE600FDDD23 /* Release */ = {
			isa = XCBuildConfiguration;
			buildSettings = {
				ASSETCATALOG_COMPILER_APPICON_NAME = AppIcon;
				CODE_SIGN_STYLE = Automatic;
				INFOPLIST_FILE = "$(SRCROOT)/LeBaluchonApp/Supporting Files/Info.plist";
				LD_RUNPATH_SEARCH_PATHS = (
					"$(inherited)",
					"@executable_path/Frameworks",
				);
				PRODUCT_BUNDLE_IDENTIFIER = fr.paulinenomballais.LeBaluchonApp;
				PRODUCT_NAME = "$(TARGET_NAME)";
				SWIFT_VERSION = 5.0;
				TARGETED_DEVICE_FAMILY = "1,2";
			};
			name = Release;
		};
		566D48282344B51300612DA7 /* Debug */ = {
			isa = XCBuildConfiguration;
			buildSettings = {
				BUNDLE_LOADER = "$(TEST_HOST)";
				CODE_SIGN_STYLE = Automatic;
				INFOPLIST_FILE = WeatherServiceTestsCase/Info.plist;
				LD_RUNPATH_SEARCH_PATHS = (
					"$(inherited)",
					"@executable_path/Frameworks",
					"@loader_path/Frameworks",
				);
				PRODUCT_BUNDLE_IDENTIFIER = fr.paulinenomballais.WeatherServiceTestsCase;
				PRODUCT_NAME = "$(TARGET_NAME)";
				SWIFT_VERSION = 5.0;
				TARGETED_DEVICE_FAMILY = "1,2";
				TEST_HOST = "$(BUILT_PRODUCTS_DIR)/LeBaluchonApp.app/LeBaluchonApp";
			};
			name = Debug;
		};
		566D48292344B51300612DA7 /* Release */ = {
			isa = XCBuildConfiguration;
			buildSettings = {
				BUNDLE_LOADER = "$(TEST_HOST)";
				CODE_SIGN_STYLE = Automatic;
				INFOPLIST_FILE = WeatherServiceTestsCase/Info.plist;
				LD_RUNPATH_SEARCH_PATHS = (
					"$(inherited)",
					"@executable_path/Frameworks",
					"@loader_path/Frameworks",
				);
				PRODUCT_BUNDLE_IDENTIFIER = fr.paulinenomballais.WeatherServiceTestsCase;
				PRODUCT_NAME = "$(TARGET_NAME)";
				SWIFT_VERSION = 5.0;
				TARGETED_DEVICE_FAMILY = "1,2";
				TEST_HOST = "$(BUILT_PRODUCTS_DIR)/LeBaluchonApp.app/LeBaluchonApp";
			};
			name = Release;
		};
		56FA2A1F231D1A1600BE92BC /* Debug */ = {
			isa = XCBuildConfiguration;
			buildSettings = {
				BUNDLE_LOADER = "$(TEST_HOST)";
				CODE_SIGN_STYLE = Automatic;
				INFOPLIST_FILE = TranslationServiceTestsCase/Info.plist;
				LD_RUNPATH_SEARCH_PATHS = (
					"$(inherited)",
					"@executable_path/Frameworks",
					"@loader_path/Frameworks",
				);
				PRODUCT_BUNDLE_IDENTIFIER = fr.paulinenomballais.TranslationServiceTestsCase;
				PRODUCT_NAME = "$(TARGET_NAME)";
				SWIFT_VERSION = 5.0;
				TARGETED_DEVICE_FAMILY = "1,2";
				TEST_HOST = "$(BUILT_PRODUCTS_DIR)/LeBaluchonApp.app/LeBaluchonApp";
			};
			name = Debug;
		};
		56FA2A20231D1A1600BE92BC /* Release */ = {
			isa = XCBuildConfiguration;
			buildSettings = {
				BUNDLE_LOADER = "$(TEST_HOST)";
				CODE_SIGN_STYLE = Automatic;
				INFOPLIST_FILE = TranslationServiceTestsCase/Info.plist;
				LD_RUNPATH_SEARCH_PATHS = (
					"$(inherited)",
					"@executable_path/Frameworks",
					"@loader_path/Frameworks",
				);
				PRODUCT_BUNDLE_IDENTIFIER = fr.paulinenomballais.TranslationServiceTestsCase;
				PRODUCT_NAME = "$(TARGET_NAME)";
				SWIFT_VERSION = 5.0;
				TARGETED_DEVICE_FAMILY = "1,2";
				TEST_HOST = "$(BUILT_PRODUCTS_DIR)/LeBaluchonApp.app/LeBaluchonApp";
			};
			name = Release;
		};
		56FA2A33231D226100BE92BC /* Debug */ = {
			isa = XCBuildConfiguration;
			buildSettings = {
				BUNDLE_LOADER = "$(TEST_HOST)";
				CODE_SIGN_STYLE = Automatic;
				INFOPLIST_FILE = CurrencyServiceTestsCase/Info.plist;
				LD_RUNPATH_SEARCH_PATHS = (
					"$(inherited)",
					"@executable_path/Frameworks",
					"@loader_path/Frameworks",
				);
				PRODUCT_BUNDLE_IDENTIFIER = fr.paulinenomballais.CurrencyServiceTestsCase;
				PRODUCT_NAME = "$(TARGET_NAME)";
				SWIFT_VERSION = 5.0;
				TARGETED_DEVICE_FAMILY = "1,2";
				TEST_HOST = "$(BUILT_PRODUCTS_DIR)/LeBaluchonApp.app/LeBaluchonApp";
			};
			name = Debug;
		};
		56FA2A34231D226100BE92BC /* Release */ = {
			isa = XCBuildConfiguration;
			buildSettings = {
				BUNDLE_LOADER = "$(TEST_HOST)";
				CODE_SIGN_STYLE = Automatic;
				INFOPLIST_FILE = CurrencyServiceTestsCase/Info.plist;
				LD_RUNPATH_SEARCH_PATHS = (
					"$(inherited)",
					"@executable_path/Frameworks",
					"@loader_path/Frameworks",
				);
				PRODUCT_BUNDLE_IDENTIFIER = fr.paulinenomballais.CurrencyServiceTestsCase;
				PRODUCT_NAME = "$(TARGET_NAME)";
				SWIFT_VERSION = 5.0;
				TARGETED_DEVICE_FAMILY = "1,2";
				TEST_HOST = "$(BUILT_PRODUCTS_DIR)/LeBaluchonApp.app/LeBaluchonApp";
			};
			name = Release;
		};
/* End XCBuildConfiguration section */

/* Begin XCConfigurationList section */
		565503AD23045EDC00FDDD23 /* Build configuration list for PBXProject "LeBaluchonApp" */ = {
			isa = XCConfigurationList;
			buildConfigurations = (
				565503C223045EE600FDDD23 /* Debug */,
				565503C323045EE600FDDD23 /* Release */,
			);
			defaultConfigurationIsVisible = 0;
			defaultConfigurationName = Release;
		};
		565503C423045EE600FDDD23 /* Build configuration list for PBXNativeTarget "LeBaluchonApp" */ = {
			isa = XCConfigurationList;
			buildConfigurations = (
				565503C523045EE600FDDD23 /* Debug */,
				565503C623045EE600FDDD23 /* Release */,
			);
			defaultConfigurationIsVisible = 0;
			defaultConfigurationName = Release;
		};
		566D48272344B51300612DA7 /* Build configuration list for PBXNativeTarget "WeatherServiceTestsCase" */ = {
			isa = XCConfigurationList;
			buildConfigurations = (
				566D48282344B51300612DA7 /* Debug */,
				566D48292344B51300612DA7 /* Release */,
			);
			defaultConfigurationIsVisible = 0;
			defaultConfigurationName = Release;
		};
		56FA2A1E231D1A1600BE92BC /* Build configuration list for PBXNativeTarget "TranslationServiceTestsCase" */ = {
			isa = XCConfigurationList;
			buildConfigurations = (
				56FA2A1F231D1A1600BE92BC /* Debug */,
				56FA2A20231D1A1600BE92BC /* Release */,
			);
			defaultConfigurationIsVisible = 0;
			defaultConfigurationName = Release;
		};
		56FA2A32231D226100BE92BC /* Build configuration list for PBXNativeTarget "CurrencyServiceTestsCase" */ = {
			isa = XCConfigurationList;
			buildConfigurations = (
				56FA2A33231D226100BE92BC /* Debug */,
				56FA2A34231D226100BE92BC /* Release */,
			);
			defaultConfigurationIsVisible = 0;
			defaultConfigurationName = Release;
		};
/* End XCConfigurationList section */
	};
	rootObject = 565503AA23045EDC00FDDD23 /* Project object */;
}
