// !$*UTF8*$!
{
	archiveVersion = 1;
	classes = {
	};
	objectVersion = 50;
	objects = {

/* Begin PBXBuildFile section */
		565503B623045EDC00FDDD23 /* AppDelegate.swift in Sources */ = {isa = PBXBuildFile; fileRef = 565503B523045EDC00FDDD23 /* AppDelegate.swift */; };
		565503B823045EDC00FDDD23 /* CurrencyController.swift in Sources */ = {isa = PBXBuildFile; fileRef = 565503B723045EDC00FDDD23 /* CurrencyController.swift */; };
		565503BB23045EDC00FDDD23 /* Main.storyboard in Resources */ = {isa = PBXBuildFile; fileRef = 565503B923045EDC00FDDD23 /* Main.storyboard */; };
		565503BD23045EE600FDDD23 /* Assets.xcassets in Resources */ = {isa = PBXBuildFile; fileRef = 565503BC23045EE600FDDD23 /* Assets.xcassets */; };
		565503C023045EE600FDDD23 /* LaunchScreen.storyboard in Resources */ = {isa = PBXBuildFile; fileRef = 565503BE23045EE600FDDD23 /* LaunchScreen.storyboard */; };
		565503CC2305333A00FDDD23 /* CurrencyService.swift in Sources */ = {isa = PBXBuildFile; fileRef = 565503CB2305333A00FDDD23 /* CurrencyService.swift */; };
		565503DF2307EE1000FDDD23 /* Currency.swift in Sources */ = {isa = PBXBuildFile; fileRef = 565503DE2307EE1000FDDD23 /* Currency.swift */; };
		565503E9230BF7AE00FDDD23 /* CurrencyTests.swift in Sources */ = {isa = PBXBuildFile; fileRef = 565503E8230BF7AE00FDDD23 /* CurrencyTests.swift */; };
		565503F12311460000FDDD23 /* TranslatorController.swift in Sources */ = {isa = PBXBuildFile; fileRef = 565503F02311460000FDDD23 /* TranslatorController.swift */; };
		565503F32311B09B00FDDD23 /* LangagesViewController.swift in Sources */ = {isa = PBXBuildFile; fileRef = 565503F22311B09B00FDDD23 /* LangagesViewController.swift */; };
		565503F52313DFF700FDDD23 /* TranslatorService.swift in Sources */ = {isa = PBXBuildFile; fileRef = 565503F42313DFF700FDDD23 /* TranslatorService.swift */; };
		565503F92314050F00FDDD23 /* Translator.swift in Sources */ = {isa = PBXBuildFile; fileRef = 565503F82314050F00FDDD23 /* Translator.swift */; };
/* End PBXBuildFile section */

/* Begin PBXContainerItemProxy section */
		565503EB230BF7AE00FDDD23 /* PBXContainerItemProxy */ = {
			isa = PBXContainerItemProxy;
			containerPortal = 565503AA23045EDC00FDDD23 /* Project object */;
			proxyType = 1;
			remoteGlobalIDString = 565503B123045EDC00FDDD23;
			remoteInfo = LeBaluchonApp;
		};
/* End PBXContainerItemProxy section */

/* Begin PBXFileReference section */
		565503B223045EDC00FDDD23 /* LeBaluchonApp.app */ = {isa = PBXFileReference; explicitFileType = wrapper.application; includeInIndex = 0; path = LeBaluchonApp.app; sourceTree = BUILT_PRODUCTS_DIR; };
		565503B523045EDC00FDDD23 /* AppDelegate.swift */ = {isa = PBXFileReference; lastKnownFileType = sourcecode.swift; path = AppDelegate.swift; sourceTree = "<group>"; };
		565503B723045EDC00FDDD23 /* CurrencyController.swift */ = {isa = PBXFileReference; lastKnownFileType = sourcecode.swift; path = CurrencyController.swift; sourceTree = "<group>"; };
		565503BA23045EDC00FDDD23 /* Base */ = {isa = PBXFileReference; lastKnownFileType = file.storyboard; name = Base; path = Base.lproj/Main.storyboard; sourceTree = "<group>"; };
		565503BC23045EE600FDDD23 /* Assets.xcassets */ = {isa = PBXFileReference; lastKnownFileType = folder.assetcatalog; path = Assets.xcassets; sourceTree = "<group>"; };
		565503BF23045EE600FDDD23 /* Base */ = {isa = PBXFileReference; lastKnownFileType = file.storyboard; name = Base; path = Base.lproj/LaunchScreen.storyboard; sourceTree = "<group>"; };
		565503C123045EE600FDDD23 /* Info.plist */ = {isa = PBXFileReference; lastKnownFileType = text.plist.xml; path = Info.plist; sourceTree = "<group>"; };
		565503CB2305333A00FDDD23 /* CurrencyService.swift */ = {isa = PBXFileReference; lastKnownFileType = sourcecode.swift; path = CurrencyService.swift; sourceTree = "<group>"; };
		565503DE2307EE1000FDDD23 /* Currency.swift */ = {isa = PBXFileReference; lastKnownFileType = sourcecode.swift; path = Currency.swift; sourceTree = "<group>"; };
		565503E6230BF7AD00FDDD23 /* LeBaluchonAppTests.xctest */ = {isa = PBXFileReference; explicitFileType = wrapper.cfbundle; includeInIndex = 0; path = LeBaluchonAppTests.xctest; sourceTree = BUILT_PRODUCTS_DIR; };
		565503E8230BF7AE00FDDD23 /* CurrencyTests.swift */ = {isa = PBXFileReference; lastKnownFileType = sourcecode.swift; path = CurrencyTests.swift; sourceTree = "<group>"; };
		565503EA230BF7AE00FDDD23 /* Info.plist */ = {isa = PBXFileReference; lastKnownFileType = text.plist.xml; path = Info.plist; sourceTree = "<group>"; };
		565503F02311460000FDDD23 /* TranslatorController.swift */ = {isa = PBXFileReference; lastKnownFileType = sourcecode.swift; path = TranslatorController.swift; sourceTree = "<group>"; };
		565503F22311B09B00FDDD23 /* LangagesViewController.swift */ = {isa = PBXFileReference; lastKnownFileType = sourcecode.swift; path = LangagesViewController.swift; sourceTree = "<group>"; };
		565503F42313DFF700FDDD23 /* TranslatorService.swift */ = {isa = PBXFileReference; lastKnownFileType = sourcecode.swift; path = TranslatorService.swift; sourceTree = "<group>"; };
		565503F82314050F00FDDD23 /* Translator.swift */ = {isa = PBXFileReference; lastKnownFileType = sourcecode.swift; path = Translator.swift; sourceTree = "<group>"; };
/* End PBXFileReference section */

/* Begin PBXFrameworksBuildPhase section */
		565503AF23045EDC00FDDD23 /* Frameworks */ = {
			isa = PBXFrameworksBuildPhase;
			buildActionMask = 2147483647;
			files = (
			);
			runOnlyForDeploymentPostprocessing = 0;
		};
		565503E3230BF7AD00FDDD23 /* Frameworks */ = {
			isa = PBXFrameworksBuildPhase;
			buildActionMask = 2147483647;
			files = (
			);
			runOnlyForDeploymentPostprocessing = 0;
		};
/* End PBXFrameworksBuildPhase section */

/* Begin PBXGroup section */
		565503A923045EDC00FDDD23 = {
			isa = PBXGroup;
			children = (
				565503B423045EDC00FDDD23 /* LeBaluchonApp */,
				565503E7230BF7AE00FDDD23 /* LeBaluchonAppTests */,
				565503B323045EDC00FDDD23 /* Products */,
			);
			sourceTree = "<group>";
		};
		565503B323045EDC00FDDD23 /* Products */ = {
			isa = PBXGroup;
			children = (
				565503B223045EDC00FDDD23 /* LeBaluchonApp.app */,
				565503E6230BF7AD00FDDD23 /* LeBaluchonAppTests.xctest */,
			);
			name = Products;
			sourceTree = "<group>";
		};
		565503B423045EDC00FDDD23 /* LeBaluchonApp */ = {
			isa = PBXGroup;
			children = (
				565503CA23045F0500FDDD23 /* Supporting Files */,
				565503C923045F0300FDDD23 /* Model */,
				565503C823045F0100FDDD23 /* View */,
				565503C723045EFE00FDDD23 /* Controller */,
			);
			path = LeBaluchonApp;
			sourceTree = "<group>";
		};
		565503C723045EFE00FDDD23 /* Controller */ = {
			isa = PBXGroup;
			children = (
				565503B723045EDC00FDDD23 /* CurrencyController.swift */,
				565503F02311460000FDDD23 /* TranslatorController.swift */,
				565503F22311B09B00FDDD23 /* LangagesViewController.swift */,
			);
			path = Controller;
			sourceTree = "<group>";
		};
		565503C823045F0100FDDD23 /* View */ = {
			isa = PBXGroup;
			children = (
				565503B923045EDC00FDDD23 /* Main.storyboard */,
				565503BE23045EE600FDDD23 /* LaunchScreen.storyboard */,
			);
			path = View;
			sourceTree = "<group>";
		};
		565503C923045F0300FDDD23 /* Model */ = {
			isa = PBXGroup;
			children = (
				565503CB2305333A00FDDD23 /* CurrencyService.swift */,
				565503DE2307EE1000FDDD23 /* Currency.swift */,
				565503F42313DFF700FDDD23 /* TranslatorService.swift */,
				565503F82314050F00FDDD23 /* Translator.swift */,
			);
			path = Model;
			sourceTree = "<group>";
		};
		565503CA23045F0500FDDD23 /* Supporting Files */ = {
			isa = PBXGroup;
			children = (
				565503B523045EDC00FDDD23 /* AppDelegate.swift */,
				565503BC23045EE600FDDD23 /* Assets.xcassets */,
				565503C123045EE600FDDD23 /* Info.plist */,
			);
			path = "Supporting Files";
			sourceTree = "<group>";
		};
		565503E7230BF7AE00FDDD23 /* LeBaluchonAppTests */ = {
			isa = PBXGroup;
			children = (
				565503E8230BF7AE00FDDD23 /* CurrencyTests.swift */,
				565503EA230BF7AE00FDDD23 /* Info.plist */,
			);
			path = LeBaluchonAppTests;
			sourceTree = "<group>";
		};
/* End PBXGroup section */

/* Begin PBXNativeTarget section */
		565503B123045EDC00FDDD23 /* LeBaluchonApp */ = {
			isa = PBXNativeTarget;
			buildConfigurationList = 565503C423045EE600FDDD23 /* Build configuration list for PBXNativeTarget "LeBaluchonApp" */;
			buildPhases = (
				565503AE23045EDC00FDDD23 /* Sources */,
				565503AF23045EDC00FDDD23 /* Frameworks */,
				565503B023045EDC00FDDD23 /* Resources */,
			);
			buildRules = (
			);
			dependencies = (
			);
			name = LeBaluchonApp;
			productName = LeBaluchonApp;
			productReference = 565503B223045EDC00FDDD23 /* LeBaluchonApp.app */;
			productType = "com.apple.product-type.application";
		};
		565503E5230BF7AD00FDDD23 /* LeBaluchonAppTests */ = {
			isa = PBXNativeTarget;
			buildConfigurationList = 565503ED230BF7AE00FDDD23 /* Build configuration list for PBXNativeTarget "LeBaluchonAppTests" */;
			buildPhases = (
				565503E2230BF7AD00FDDD23 /* Sources */,
				565503E3230BF7AD00FDDD23 /* Frameworks */,
				565503E4230BF7AD00FDDD23 /* Resources */,
			);
			buildRules = (
			);
			dependencies = (
				565503EC230BF7AE00FDDD23 /* PBXTargetDependency */,
			);
			name = LeBaluchonAppTests;
			productName = LeBaluchonAppTests;
			productReference = 565503E6230BF7AD00FDDD23 /* LeBaluchonAppTests.xctest */;
			productType = "com.apple.product-type.bundle.unit-test";
		};
/* End PBXNativeTarget section */

/* Begin PBXProject section */
		565503AA23045EDC00FDDD23 /* Project object */ = {
			isa = PBXProject;
			attributes = {
				LastSwiftUpdateCheck = 1030;
				LastUpgradeCheck = 1030;
				ORGANIZATIONNAME = PaulineNomballais;
				TargetAttributes = {
					565503B123045EDC00FDDD23 = {
						CreatedOnToolsVersion = 10.3;
					};
					565503E5230BF7AD00FDDD23 = {
						CreatedOnToolsVersion = 10.3;
						TestTargetID = 565503B123045EDC00FDDD23;
					};
				};
			};
			buildConfigurationList = 565503AD23045EDC00FDDD23 /* Build configuration list for PBXProject "LeBaluchonApp" */;
			compatibilityVersion = "Xcode 9.3";
			developmentRegion = en;
			hasScannedForEncodings = 0;
			knownRegions = (
				en,
				Base,
			);
			mainGroup = 565503A923045EDC00FDDD23;
			productRefGroup = 565503B323045EDC00FDDD23 /* Products */;
			projectDirPath = "";
			projectRoot = "";
			targets = (
				565503B123045EDC00FDDD23 /* LeBaluchonApp */,
				565503E5230BF7AD00FDDD23 /* LeBaluchonAppTests */,
			);
		};
/* End PBXProject section */

/* Begin PBXResourcesBuildPhase section */
		565503B023045EDC00FDDD23 /* Resources */ = {
			isa = PBXResourcesBuildPhase;
			buildActionMask = 2147483647;
			files = (
				565503C023045EE600FDDD23 /* LaunchScreen.storyboard in Resources */,
				565503BD23045EE600FDDD23 /* Assets.xcassets in Resources */,
				565503BB23045EDC00FDDD23 /* Main.storyboard in Resources */,
			);
			runOnlyForDeploymentPostprocessing = 0;
		};
		565503E4230BF7AD00FDDD23 /* Resources */ = {
			isa = PBXResourcesBuildPhase;
			buildActionMask = 2147483647;
			files = (
			);
			runOnlyForDeploymentPostprocessing = 0;
		};
/* End PBXResourcesBuildPhase section */

/* Begin PBXSourcesBuildPhase section */
		565503AE23045EDC00FDDD23 /* Sources */ = {
			isa = PBXSourcesBuildPhase;
			buildActionMask = 2147483647;
			files = (
				565503B823045EDC00FDDD23 /* CurrencyController.swift in Sources */,
				565503B623045EDC00FDDD23 /* AppDelegate.swift in Sources */,
				565503CC2305333A00FDDD23 /* CurrencyService.swift in Sources */,
				565503F52313DFF700FDDD23 /* TranslatorService.swift in Sources */,
				565503DF2307EE1000FDDD23 /* Currency.swift in Sources */,
				565503F92314050F00FDDD23 /* Translator.swift in Sources */,
				565503F32311B09B00FDDD23 /* LangagesViewController.swift in Sources */,
				565503F12311460000FDDD23 /* TranslatorController.swift in Sources */,
			);
			runOnlyForDeploymentPostprocessing = 0;
		};
		565503E2230BF7AD00FDDD23 /* Sources */ = {
			isa = PBXSourcesBuildPhase;
			buildActionMask = 2147483647;
			files = (
				565503E9230BF7AE00FDDD23 /* CurrencyTests.swift in Sources */,
			);
			runOnlyForDeploymentPostprocessing = 0;
		};
/* End PBXSourcesBuildPhase section */

/* Begin PBXTargetDependency section */
		565503EC230BF7AE00FDDD23 /* PBXTargetDependency */ = {
			isa = PBXTargetDependency;
			target = 565503B123045EDC00FDDD23 /* LeBaluchonApp */;
			targetProxy = 565503EB230BF7AE00FDDD23 /* PBXContainerItemProxy */;
		};
/* End PBXTargetDependency section */

/* Begin PBXVariantGroup section */
		565503B923045EDC00FDDD23 /* Main.storyboard */ = {
			isa = PBXVariantGroup;
			children = (
				565503BA23045EDC00FDDD23 /* Base */,
			);
			name = Main.storyboard;
			sourceTree = "<group>";
		};
		565503BE23045EE600FDDD23 /* LaunchScreen.storyboard */ = {
			isa = PBXVariantGroup;
			children = (
				565503BF23045EE600FDDD23 /* Base */,
			);
			name = LaunchScreen.storyboard;
			sourceTree = "<group>";
		};
/* End PBXVariantGroup section */

/* Begin XCBuildConfiguration section */
		565503C223045EE600FDDD23 /* Debug */ = {
			isa = XCBuildConfiguration;
			buildSettings = {
				ALWAYS_SEARCH_USER_PATHS = NO;
				CLANG_ANALYZER_NONNULL = YES;
				CLANG_ANALYZER_NUMBER_OBJECT_CONVERSION = YES_AGGRESSIVE;
				CLANG_CXX_LANGUAGE_STANDARD = "gnu++14";
				CLANG_CXX_LIBRARY = "libc++";
				CLANG_ENABLE_MODULES = YES;
				CLANG_ENABLE_OBJC_ARC = YES;
				CLANG_ENABLE_OBJC_WEAK = YES;
				CLANG_WARN_BLOCK_CAPTURE_AUTORELEASING = YES;
				CLANG_WARN_BOOL_CONVERSION = YES;
				CLANG_WARN_COMMA = YES;
				CLANG_WARN_CONSTANT_CONVERSION = YES;
				CLANG_WARN_DEPRECATED_OBJC_IMPLEMENTATIONS = YES;
				CLANG_WARN_DIRECT_OBJC_ISA_USAGE = YES_ERROR;
				CLANG_WARN_DOCUMENTATION_COMMENTS = YES;
				CLANG_WARN_EMPTY_BODY = YES;
				CLANG_WARN_ENUM_CONVERSION = YES;
				CLANG_WARN_INFINITE_RECURSION = YES;
				CLANG_WARN_INT_CONVERSION = YES;
				CLANG_WARN_NON_LITERAL_NULL_CONVERSION = YES;
				CLANG_WARN_OBJC_IMPLICIT_RETAIN_SELF = YES;
				CLANG_WARN_OBJC_LITERAL_CONVERSION = YES;
				CLANG_WARN_OBJC_ROOT_CLASS = YES_ERROR;
				CLANG_WARN_RANGE_LOOP_ANALYSIS = YES;
				CLANG_WARN_STRICT_PROTOTYPES = YES;
				CLANG_WARN_SUSPICIOUS_MOVE = YES;
				CLANG_WARN_UNGUARDED_AVAILABILITY = YES_AGGRESSIVE;
				CLANG_WARN_UNREACHABLE_CODE = YES;
				CLANG_WARN__DUPLICATE_METHOD_MATCH = YES;
				CODE_SIGN_IDENTITY = "iPhone Developer";
				COPY_PHASE_STRIP = NO;
				DEBUG_INFORMATION_FORMAT = dwarf;
				ENABLE_STRICT_OBJC_MSGSEND = YES;
				ENABLE_TESTABILITY = YES;
				GCC_C_LANGUAGE_STANDARD = gnu11;
				GCC_DYNAMIC_NO_PIC = NO;
				GCC_NO_COMMON_BLOCKS = YES;
				GCC_OPTIMIZATION_LEVEL = 0;
				GCC_PREPROCESSOR_DEFINITIONS = (
					"DEBUG=1",
					"$(inherited)",
				);
				GCC_WARN_64_TO_32_BIT_CONVERSION = YES;
				GCC_WARN_ABOUT_RETURN_TYPE = YES_ERROR;
				GCC_WARN_UNDECLARED_SELECTOR = YES;
				GCC_WARN_UNINITIALIZED_AUTOS = YES_AGGRESSIVE;
				GCC_WARN_UNUSED_FUNCTION = YES;
				GCC_WARN_UNUSED_VARIABLE = YES;
				IPHONEOS_DEPLOYMENT_TARGET = 12.4;
				MTL_ENABLE_DEBUG_INFO = INCLUDE_SOURCE;
				MTL_FAST_MATH = YES;
				ONLY_ACTIVE_ARCH = YES;
				SDKROOT = iphoneos;
				SWIFT_ACTIVE_COMPILATION_CONDITIONS = DEBUG;
				SWIFT_OPTIMIZATION_LEVEL = "-Onone";
			};
			name = Debug;
		};
		565503C323045EE600FDDD23 /* Release */ = {
			isa = XCBuildConfiguration;
			buildSettings = {
				ALWAYS_SEARCH_USER_PATHS = NO;
				CLANG_ANALYZER_NONNULL = YES;
				CLANG_ANALYZER_NUMBER_OBJECT_CONVERSION = YES_AGGRESSIVE;
				CLANG_CXX_LANGUAGE_STANDARD = "gnu++14";
				CLANG_CXX_LIBRARY = "libc++";
				CLANG_ENABLE_MODULES = YES;
				CLANG_ENABLE_OBJC_ARC = YES;
				CLANG_ENABLE_OBJC_WEAK = YES;
				CLANG_WARN_BLOCK_CAPTURE_AUTORELEASING = YES;
				CLANG_WARN_BOOL_CONVERSION = YES;
				CLANG_WARN_COMMA = YES;
				CLANG_WARN_CONSTANT_CONVERSION = YES;
				CLANG_WARN_DEPRECATED_OBJC_IMPLEMENTATIONS = YES;
				CLANG_WARN_DIRECT_OBJC_ISA_USAGE = YES_ERROR;
				CLANG_WARN_DOCUMENTATION_COMMENTS = YES;
				CLANG_WARN_EMPTY_BODY = YES;
				CLANG_WARN_ENUM_CONVERSION = YES;
				CLANG_WARN_INFINITE_RECURSION = YES;
				CLANG_WARN_INT_CONVERSION = YES;
				CLANG_WARN_NON_LITERAL_NULL_CONVERSION = YES;
				CLANG_WARN_OBJC_IMPLICIT_RETAIN_SELF = YES;
				CLANG_WARN_OBJC_LITERAL_CONVERSION = YES;
				CLANG_WARN_OBJC_ROOT_CLASS = YES_ERROR;
				CLANG_WARN_RANGE_LOOP_ANALYSIS = YES;
				CLANG_WARN_STRICT_PROTOTYPES = YES;
				CLANG_WARN_SUSPICIOUS_MOVE = YES;
				CLANG_WARN_UNGUARDED_AVAILABILITY = YES_AGGRESSIVE;
				CLANG_WARN_UNREACHABLE_CODE = YES;
				CLANG_WARN__DUPLICATE_METHOD_MATCH = YES;
				CODE_SIGN_IDENTITY = "iPhone Developer";
				COPY_PHASE_STRIP = NO;
				DEBUG_INFORMATION_FORMAT = "dwarf-with-dsym";
				ENABLE_NS_ASSERTIONS = NO;
				ENABLE_STRICT_OBJC_MSGSEND = YES;
				GCC_C_LANGUAGE_STANDARD = gnu11;
				GCC_NO_COMMON_BLOCKS = YES;
				GCC_WARN_64_TO_32_BIT_CONVERSION = YES;
				GCC_WARN_ABOUT_RETURN_TYPE = YES_ERROR;
				GCC_WARN_UNDECLARED_SELECTOR = YES;
				GCC_WARN_UNINITIALIZED_AUTOS = YES_AGGRESSIVE;
				GCC_WARN_UNUSED_FUNCTION = YES;
				GCC_WARN_UNUSED_VARIABLE = YES;
				IPHONEOS_DEPLOYMENT_TARGET = 12.4;
				MTL_ENABLE_DEBUG_INFO = NO;
				MTL_FAST_MATH = YES;
				SDKROOT = iphoneos;
				SWIFT_COMPILATION_MODE = wholemodule;
				SWIFT_OPTIMIZATION_LEVEL = "-O";
				VALIDATE_PRODUCT = YES;
			};
			name = Release;
		};
		565503C523045EE600FDDD23 /* Debug */ = {
			isa = XCBuildConfiguration;
			buildSettings = {
				ASSETCATALOG_COMPILER_APPICON_NAME = AppIcon;
				CODE_SIGN_STYLE = Automatic;
				INFOPLIST_FILE = "$(SRCROOT)/LeBaluchonApp/Supporting Files/Info.plist";
				LD_RUNPATH_SEARCH_PATHS = (
					"$(inherited)",
					"@executable_path/Frameworks",
				);
				PRODUCT_BUNDLE_IDENTIFIER = fr.paulinenomballais.LeBaluchonApp;
				PRODUCT_NAME = "$(TARGET_NAME)";
				SWIFT_VERSION = 5.0;
				TARGETED_DEVICE_FAMILY = "1,2";
			};
			name = Debug;
		};
		565503C623045EE600FDDD23 /* Release */ = {
			isa = XCBuildConfiguration;
			buildSettings = {
				ASSETCATALOG_COMPILER_APPICON_NAME = AppIcon;
				CODE_SIGN_STYLE = Automatic;
				INFOPLIST_FILE = "$(SRCROOT)/LeBaluchonApp/Supporting Files/Info.plist";
				LD_RUNPATH_SEARCH_PATHS = (
					"$(inherited)",
					"@executable_path/Frameworks",
				);
				PRODUCT_BUNDLE_IDENTIFIER = fr.paulinenomballais.LeBaluchonApp;
				PRODUCT_NAME = "$(TARGET_NAME)";
				SWIFT_VERSION = 5.0;
				TARGETED_DEVICE_FAMILY = "1,2";
			};
			name = Release;
		};
		565503EE230BF7AE00FDDD23 /* Debug */ = {
			isa = XCBuildConfiguration;
			buildSettings = {
				BUNDLE_LOADER = "$(TEST_HOST)";
				CODE_SIGN_STYLE = Automatic;
				INFOPLIST_FILE = LeBaluchonAppTests/Info.plist;
				LD_RUNPATH_SEARCH_PATHS = (
					"$(inherited)",
					"@executable_path/Frameworks",
					"@loader_path/Frameworks",
				);
				PRODUCT_BUNDLE_IDENTIFIER = fr.paulinenomballais.LeBaluchonAppTests;
				PRODUCT_NAME = "$(TARGET_NAME)";
				SWIFT_VERSION = 5.0;
				TARGETED_DEVICE_FAMILY = "1,2";
				TEST_HOST = "$(BUILT_PRODUCTS_DIR)/LeBaluchonApp.app/LeBaluchonApp";
			};
			name = Debug;
		};
		565503EF230BF7AE00FDDD23 /* Release */ = {
			isa = XCBuildConfiguration;
			buildSettings = {
				BUNDLE_LOADER = "$(TEST_HOST)";
				CODE_SIGN_STYLE = Automatic;
				INFOPLIST_FILE = LeBaluchonAppTests/Info.plist;
				LD_RUNPATH_SEARCH_PATHS = (
					"$(inherited)",
					"@executable_path/Frameworks",
					"@loader_path/Frameworks",
				);
				PRODUCT_BUNDLE_IDENTIFIER = fr.paulinenomballais.LeBaluchonAppTests;
				PRODUCT_NAME = "$(TARGET_NAME)";
				SWIFT_VERSION = 5.0;
				TARGETED_DEVICE_FAMILY = "1,2";
				TEST_HOST = "$(BUILT_PRODUCTS_DIR)/LeBaluchonApp.app/LeBaluchonApp";
			};
			name = Release;
		};
/* End XCBuildConfiguration section */

/* Begin XCConfigurationList section */
		565503AD23045EDC00FDDD23 /* Build configuration list for PBXProject "LeBaluchonApp" */ = {
			isa = XCConfigurationList;
			buildConfigurations = (
				565503C223045EE600FDDD23 /* Debug */,
				565503C323045EE600FDDD23 /* Release */,
			);
			defaultConfigurationIsVisible = 0;
			defaultConfigurationName = Release;
		};
		565503C423045EE600FDDD23 /* Build configuration list for PBXNativeTarget "LeBaluchonApp" */ = {
			isa = XCConfigurationList;
			buildConfigurations = (
				565503C523045EE600FDDD23 /* Debug */,
				565503C623045EE600FDDD23 /* Release */,
			);
			defaultConfigurationIsVisible = 0;
			defaultConfigurationName = Release;
		};
		565503ED230BF7AE00FDDD23 /* Build configuration list for PBXNativeTarget "LeBaluchonAppTests" */ = {
			isa = XCConfigurationList;
			buildConfigurations = (
				565503EE230BF7AE00FDDD23 /* Debug */,
				565503EF230BF7AE00FDDD23 /* Release */,
			);
			defaultConfigurationIsVisible = 0;
			defaultConfigurationName = Release;
		};
/* End XCConfigurationList section */
	};
	rootObject = 565503AA23045EDC00FDDD23 /* Project object */;
}
